<?xml version="1.0" encoding="utf-8"?>
<Project ToolsVersion="4.0" xmlns="http://schemas.microsoft.com/developer/msbuild/2003">
  <ItemGroup>
    <Filter Include="Source Files">
      <UniqueIdentifier>{4FC737F1-C7A5-4376-A066-2A32D752A2FF}</UniqueIdentifier>
      <Extensions>cpp;c;cc;cxx;def;odl;idl;hpj;bat;asm;asmx</Extensions>
    </Filter>
    <Filter Include="Header Files">
      <UniqueIdentifier>{93995380-89BD-4b04-88EB-625FBE52EBFB}</UniqueIdentifier>
      <Extensions>h;hh;hpp;hxx;hm;inl;inc;ipp;xsd</Extensions>
    </Filter>
    <Filter Include="Resource Files">
      <UniqueIdentifier>{67DA6AB6-F800-4c08-8B7A-83BB121AAD01}</UniqueIdentifier>
      <Extensions>rc;ico;cur;bmp;dlg;rc2;rct;bin;rgs;gif;jpg;jpeg;jpe;resx;tiff;tif;png;wav;mfcribbon-ms</Extensions>
    </Filter>
    <Filter Include="Source Files\src">
      <UniqueIdentifier>{fb38c4dc-1485-406f-ba0b-f654f8bbe3b2}</UniqueIdentifier>
    </Filter>
    <Filter Include="Source Files\src\rcv">
      <UniqueIdentifier>{f8b78601-24c9-4326-ae3d-6873eae4fbaf}</UniqueIdentifier>
    </Filter>
  </ItemGroup>
  <ItemGroup>
    <ClCompile Include="src\convgpx.c">
      <Filter>Source Files\src</Filter>
    </ClCompile>
    <ClCompile Include="src\convkml.c">
      <Filter>Source Files\src</Filter>
    </ClCompile>
    <ClCompile Include="src\convrnx.c">
      <Filter>Source Files\src</Filter>
    </ClCompile>
    <ClCompile Include="src\datum.c">
      <Filter>Source Files\src</Filter>
    </ClCompile>
    <ClCompile Include="src\download.c">
      <Filter>Source Files\src</Filter>
    </ClCompile>
    <ClCompile Include="src\ephemeris.c">
      <Filter>Source Files\src</Filter>
    </ClCompile>
    <ClCompile Include="src\geoid.c">
      <Filter>Source Files\src</Filter>
    </ClCompile>
    <ClCompile Include="src\gis.c">
      <Filter>Source Files\src</Filter>
    </ClCompile>
    <ClCompile Include="src\ionex.c">
      <Filter>Source Files\src</Filter>
    </ClCompile>
    <ClCompile Include="src\lambda.c">
      <Filter>Source Files\src</Filter>
    </ClCompile>
    <ClCompile Include="src\options.c">
      <Filter>Source Files\src</Filter>
    </ClCompile>
    <ClCompile Include="src\pntpos.c">
      <Filter>Source Files\src</Filter>
    </ClCompile>
    <ClCompile Include="src\postpos.c">
      <Filter>Source Files\src</Filter>
    </ClCompile>
    <ClCompile Include="src\ppp.c">
      <Filter>Source Files\src</Filter>
    </ClCompile>
    <ClCompile Include="src\ppp_ar.c">
      <Filter>Source Files\src</Filter>
    </ClCompile>
    <ClCompile Include="src\ppp_corr.c">
      <Filter>Source Files\src</Filter>
    </ClCompile>
    <ClCompile Include="src\preceph.c">
      <Filter>Source Files\src</Filter>
    </ClCompile>
    <ClCompile Include="src\qzslex.c">
      <Filter>Source Files\src</Filter>
    </ClCompile>
    <ClCompile Include="src\rcvraw.c">
      <Filter>Source Files\src</Filter>
    </ClCompile>
    <ClCompile Include="src\rinex.c">
      <Filter>Source Files\src</Filter>
    </ClCompile>
    <ClCompile Include="src\rtcm.c">
      <Filter>Source Files\src</Filter>
    </ClCompile>
    <ClCompile Include="src\rtcm2.c">
      <Filter>Source Files\src</Filter>
    </ClCompile>
    <ClCompile Include="src\rtcm3.c">
      <Filter>Source Files\src</Filter>
    </ClCompile>
    <ClCompile Include="src\rtcm3e.c">
      <Filter>Source Files\src</Filter>
    </ClCompile>
    <ClCompile Include="src\rtkcmn.c">
      <Filter>Source Files\src</Filter>
    </ClCompile>
    <ClCompile Include="src\rtkpos.c">
      <Filter>Source Files\src</Filter>
    </ClCompile>
    <ClCompile Include="src\rtksvr.c">
      <Filter>Source Files\src</Filter>
    </ClCompile>
    <ClCompile Include="src\sbas.c">
      <Filter>Source Files\src</Filter>
    </ClCompile>
    <ClCompile Include="src\solution.c">
      <Filter>Source Files\src</Filter>
    </ClCompile>
    <ClCompile Include="src\stream.c">
      <Filter>Source Files\src</Filter>
    </ClCompile>
    <ClCompile Include="src\streamsvr.c">
      <Filter>Source Files\src</Filter>
    </ClCompile>
    <ClCompile Include="src\tides.c">
      <Filter>Source Files\src</Filter>
    </ClCompile>
    <ClCompile Include="src\tle.c">
      <Filter>Source Files\src</Filter>
    </ClCompile>
    <ClCompile Include="src\rcv\binex.c">
      <Filter>Source Files\src\rcv</Filter>
    </ClCompile>
    <ClCompile Include="src\rcv\cmr.c">
      <Filter>Source Files\src\rcv</Filter>
    </ClCompile>
    <ClCompile Include="src\rcv\crescent.c">
      <Filter>Source Files\src\rcv</Filter>
    </ClCompile>
    <ClCompile Include="src\rcv\gw10.c">
      <Filter>Source Files\src\rcv</Filter>
    </ClCompile>
    <ClCompile Include="src\rcv\javad.c">
      <Filter>Source Files\src\rcv</Filter>
    </ClCompile>
    <ClCompile Include="src\rcv\novatel.c">
      <Filter>Source Files\src\rcv</Filter>
    </ClCompile>
    <ClCompile Include="src\rcv\nvs.c">
      <Filter>Source Files\src\rcv</Filter>
    </ClCompile>
    <ClCompile Include="src\rcv\rcvlex.c">
      <Filter>Source Files\src\rcv</Filter>
    </ClCompile>
    <ClCompile Include="src\rcv\rt17.c">
      <Filter>Source Files\src\rcv</Filter>
    </ClCompile>
    <ClCompile Include="src\rcv\septentrio.c">
      <Filter>Source Files\src\rcv</Filter>
    </ClCompile>
    <ClCompile Include="src\rcv\skytraq.c">
      <Filter>Source Files\src\rcv</Filter>
    </ClCompile>
    <ClCompile Include="src\rcv\ss2.c">
      <Filter>Source Files\src\rcv</Filter>
    </ClCompile>
    <ClCompile Include="src\rcv\tersus.c">
      <Filter>Source Files\src\rcv</Filter>
    </ClCompile>
    <ClCompile Include="src\rcv\ublox.c">
      <Filter>Source Files\src\rcv</Filter>
    </ClCompile>
    <ClCompile Include="main.cpp">
      <Filter>Source Files</Filter>
    </ClCompile>
    <ClCompile Include="src\rnx2rtkp.c">
      <Filter>Source Files\src</Filter>
    </ClCompile>
    <ClCompile Include="Demo_Tropo.c">
      <Filter>Source Files\src</Filter>
    </ClCompile>
  </ItemGroup>
  <ItemGroup>
    <ClInclude Include="src\rtklib.h">
      <Filter>Source Files\src</Filter>
    </ClInclude>
    <ClInclude Include="src\unistd.h">
      <Filter>Source Files\src</Filter>
    </ClInclude>
  </ItemGroup>
  <ItemGroup>
    <None Include="packages.config" />
  </ItemGroup>
  <ItemGroup>
    <Text Include="orography_ell.txt">
      <Filter>Source Files</Filter>
    </Text>
    <Text Include="VMFG_20200101.H00.txt">
      <Filter>Source Files</Filter>
    </Text>
    <Text Include="VMFG_20200101.H06.txt">
      <Filter>Source Files</Filter>
    </Text>
  </ItemGroup>
</Project>